
Microsoft Visual Studio Solution File, Format Version 12.00
# Visual Studio 2013
Project("{FAE04EC0-301F-11D3-BF4B-00C04F79EFBC}") = "LiveOrDie.CSharp", "LiveOrDie.CSharp.csproj", "{58521436-8331-7856-3C66-FE0DBCCE49E1}"
EndProject
Global
	GlobalSection(SolutionConfigurationPlatforms) = preSolution
		Debug|Any CPU = Debug|Any CPU
		Release|Any CPU = Release|Any CPU
	EndGlobalSection
	GlobalSection(ProjectConfigurationPlatforms) = postSolution
		{58521436-8331-7856-3C66-FE0DBCCE49E1}.Debug|Any CPU.ActiveCfg = Debug|Any CPU
		{58521436-8331-7856-3C66-FE0DBCCE49E1}.Debug|Any CPU.Build.0 = Debug|Any CPU
		{58521436-8331-7856-3C66-FE0DBCCE49E1}.Release|Any CPU.ActiveCfg = Release|Any CPU
		{58521436-8331-7856-3C66-FE0DBCCE49E1}.Release|Any CPU.Build.0 = Release|Any CPU
	EndGlobalSection
	GlobalSection(SolutionProperties) = preSolution
		HideSolutionNode = FALSE
	EndGlobalSection
EndGlobal
